{
  "name": "Alurapic",
  "lockfileVersion": 2,
  "requires": true,
  "packages": {
    "": {
      "dependencies": {
        "@types/stacktrace-js": "^2.0.3",
        "stacktrace-js": "^2.0.2"
      }
    },
    "node_modules/@types/stacktrace-js": {
      "version": "2.0.3",
      "resolved": "https://registry.npmjs.org/@types/stacktrace-js/-/stacktrace-js-2.0.3.tgz",
      "integrity": "sha512-B6JnMic4NAZ4mLWmRi4RvayCN2HZQvpcVF0MkoqubtuZx1AQB0/kRlrngGiocEPyO7R+TFocTEoLKQ0HzmEOPw==",
      "deprecated": "This is a stub types definition. stacktrace-js provides its own type definitions, so you do not need this installed.",
      "dependencies": {
        "stacktrace-js": "*"
      }
    },
    "node_modules/error-stack-parser": {
      "version": "2.0.7",
      "resolved": "https://registry.npmjs.org/error-stack-parser/-/error-stack-parser-2.0.7.tgz",
      "integrity": "sha512-chLOW0ZGRf4s8raLrDxa5sdkvPec5YdvwbFnqJme4rk0rFajP8mPtrDL1+I+CwrQDCjswDA5sREX7jYQDQs9vA==",
      "dependencies": {
        "stackframe": "^1.1.1"
      }
    },
    "node_modules/source-map": {
      "version": "0.5.6",
      "resolved": "https://registry.npmjs.org/source-map/-/source-map-0.5.6.tgz",
      "integrity": "sha1-dc449SvwczxafwwRjYEzSiu19BI=",
      "engines": {
        "node": ">=0.10.0"
      }
    },
    "node_modules/stack-generator": {
      "version": "2.0.5",
      "resolved": "https://registry.npmjs.org/stack-generator/-/stack-generator-2.0.5.tgz",
      "integrity": "sha512-/t1ebrbHkrLrDuNMdeAcsvynWgoH/i4o8EGGfX7dEYDoTXOYVAkEpFdtshlvabzc6JlJ8Kf9YdFEoz7JkzGN9Q==",
      "dependencies": {
        "stackframe": "^1.1.1"
      }
    },
    "node_modules/stackframe": {
      "version": "1.2.1",
      "resolved": "https://registry.npmjs.org/stackframe/-/stackframe-1.2.1.tgz",
      "integrity": "sha512-h88QkzREN/hy8eRdyNhhsO7RSJ5oyTqxxmmn0dzBIMUclZsjpfmrsg81vp8mjjAs2vAZ72nyWxRUwSwmh0e4xg=="
    },
    "node_modules/stacktrace-gps": {
      "version": "3.0.4",
      "resolved": "https://registry.npmjs.org/stacktrace-gps/-/stacktrace-gps-3.0.4.tgz",
      "integrity": "sha512-qIr8x41yZVSldqdqe6jciXEaSCKw1U8XTXpjDuy0ki/apyTn/r3w9hDAAQOhZdxvsC93H+WwwEu5cq5VemzYeg==",
      "dependencies": {
        "source-map": "0.5.6",
        "stackframe": "^1.1.1"
      }
    },
    "node_modules/stacktrace-js": {
      "version": "2.0.2",
      "resolved": "https://registry.npmjs.org/stacktrace-js/-/stacktrace-js-2.0.2.tgz",
      "integrity": "sha512-Je5vBeY4S1r/RnLydLl0TBTi3F2qdfWmYsGvtfZgEI+SCprPppaIhQf5nGcal4gI4cGpCV/duLcAzT1np6sQqg==",
      "dependencies": {
        "error-stack-parser": "^2.0.6",
        "stack-generator": "^2.0.5",
        "stacktrace-gps": "^3.0.4"
      }
    }
  },
  "dependencies": {
    "@types/stacktrace-js": {
      "version": "2.0.3",
      "resolved": "https://registry.npmjs.org/@types/stacktrace-js/-/stacktrace-js-2.0.3.tgz",
      "integrity": "sha512-B6JnMic4NAZ4mLWmRi4RvayCN2HZQvpcVF0MkoqubtuZx1AQB0/kRlrngGiocEPyO7R+TFocTEoLKQ0HzmEOPw==",
      "requires": {
        "stacktrace-js": "*"
      }
    },
    "error-stack-parser": {
      "version": "2.0.7",
      "resolved": "https://registry.npmjs.org/error-stack-parser/-/error-stack-parser-2.0.7.tgz",
      "integrity": "sha512-chLOW0ZGRf4s8raLrDxa5sdkvPec5YdvwbFnqJme4rk0rFajP8mPtrDL1+I+CwrQDCjswDA5sREX7jYQDQs9vA==",
      "requires": {
        "stackframe": "^1.1.1"
      }
    },
    "source-map": {
      "version": "0.5.6",
      "resolved": "https://registry.npmjs.org/source-map/-/source-map-0.5.6.tgz",
      "integrity": "sha1-dc449SvwczxafwwRjYEzSiu19BI="
    },
    "stack-generator": {
      "version": "2.0.5",
      "resolved": "https://registry.npmjs.org/stack-generator/-/stack-generator-2.0.5.tgz",
      "integrity": "sha512-/t1ebrbHkrLrDuNMdeAcsvynWgoH/i4o8EGGfX7dEYDoTXOYVAkEpFdtshlvabzc6JlJ8Kf9YdFEoz7JkzGN9Q==",
      "requires": {
        "stackframe": "^1.1.1"
      }
    },
    "stackframe": {
      "version": "1.2.1",
      "resolved": "https://registry.npmjs.org/stackframe/-/stackframe-1.2.1.tgz",
      "integrity": "sha512-h88QkzREN/hy8eRdyNhhsO7RSJ5oyTqxxmmn0dzBIMUclZsjpfmrsg81vp8mjjAs2vAZ72nyWxRUwSwmh0e4xg=="
    },
    "stacktrace-gps": {
      "version": "3.0.4",
      "resolved": "https://registry.npmjs.org/stacktrace-gps/-/stacktrace-gps-3.0.4.tgz",
      "integrity": "sha512-qIr8x41yZVSldqdqe6jciXEaSCKw1U8XTXpjDuy0ki/apyTn/r3w9hDAAQOhZdxvsC93H+WwwEu5cq5VemzYeg==",
      "requires": {
        "source-map": "0.5.6",
        "stackframe": "^1.1.1"
      }
    },
    "stacktrace-js": {
      "version": "2.0.2",
      "resolved": "https://registry.npmjs.org/stacktrace-js/-/stacktrace-js-2.0.2.tgz",
      "integrity": "sha512-Je5vBeY4S1r/RnLydLl0TBTi3F2qdfWmYsGvtfZgEI+SCprPppaIhQf5nGcal4gI4cGpCV/duLcAzT1np6sQqg==",
      "requires": {
        "error-stack-parser": "^2.0.6",
        "stack-generator": "^2.0.5",
        "stacktrace-gps": "^3.0.4"
      }
    }
  }
}
